Microsoft Visual Studio Solution File, Format Version 12.00
# Visual Studio Version 16
VisualStudioVersion = 16.0.30413.136
MinimumVisualStudioVersion = 10.0.40219.1
Project("{9A19103F-16F7-4668-BE54-9A1E7A4F7556}") = "IPAnalyzerAPI", "IPAnalyzerAPI\IPAnalyzerAPI.csproj", "{A589ECB4-67D1-47B9-A7AE-93F939648223}"
EndProject
Project("{9A19103F-16F7-4668-BE54-9A1E7A4F7556}") = "IPAnalyzer.AutomatedTests", "IPAnalyzer.AutomatedTests\IPAnalyzer.AutomatedTests.csproj", "{EA42FA59-7952-42DB-9DAC-CF6EF7CBA511}"
EndProject
Project("{9A19103F-16F7-4668-BE54-9A1E7A4F7556}") = "IPAnalyzer.Configuration", "IPAnalyzer.Configuration\IPAnalyzer.Configuration.csproj", "{EFD1A244-1C95-4415-9218-6D226EDC92E4}"
EndProject
Project("{9A19103F-16F7-4668-BE54-9A1E7A4F7556}") = "PTI.WebsitesTools", "PTI.WebsitesTools\PTI.WebsitesTools.csproj", "{15F0BB86-21F3-445F-A84D-B38D87AAF467}"
EndProject
Project("{FAE04EC0-301F-11D3-BF4B-00C04F79EFBC}") = "PTI.AzureFunctions.WebsitesTools", "PTI.AzureFunctions.WebsitesTools\PTI.AzureFunctions.WebsitesTools.csproj", "{8481153A-FDE0-4FB7-9525-6E669AC76591}"
EndProject
Global
	GlobalSection(SolutionConfigurationPlatforms) = preSolution
		Debug|Any CPU = Debug|Any CPU
		Release|Any CPU = Release|Any CPU
	EndGlobalSection
	GlobalSection(ProjectConfigurationPlatforms) = postSolution
		{A589ECB4-67D1-47B9-A7AE-93F939648223}.Debug|Any CPU.ActiveCfg = Debug|Any CPU
		{A589ECB4-67D1-47B9-A7AE-93F939648223}.Debug|Any CPU.Build.0 = Debug|Any CPU
		{A589ECB4-67D1-47B9-A7AE-93F939648223}.Release|Any CPU.ActiveCfg = Release|Any CPU
		{A589ECB4-67D1-47B9-A7AE-93F939648223}.Release|Any CPU.Build.0 = Release|Any CPU
		{EA42FA59-7952-42DB-9DAC-CF6EF7CBA511}.Debug|Any CPU.ActiveCfg = Debug|Any CPU
		{EA42FA59-7952-42DB-9DAC-CF6EF7CBA511}.Debug|Any CPU.Build.0 = Debug|Any CPU
		{EA42FA59-7952-42DB-9DAC-CF6EF7CBA511}.Release|Any CPU.ActiveCfg = Release|Any CPU
		{EA42FA59-7952-42DB-9DAC-CF6EF7CBA511}.Release|Any CPU.Build.0 = Release|Any CPU
		{EFD1A244-1C95-4415-9218-6D226EDC92E4}.Debug|Any CPU.ActiveCfg = Debug|Any CPU
		{EFD1A244-1C95-4415-9218-6D226EDC92E4}.Debug|Any CPU.Build.0 = Debug|Any CPU
		{EFD1A244-1C95-4415-9218-6D226EDC92E4}.Release|Any CPU.ActiveCfg = Release|Any CPU
		{EFD1A244-1C95-4415-9218-6D226EDC92E4}.Release|Any CPU.Build.0 = Release|Any CPU
		{15F0BB86-21F3-445F-A84D-B38D87AAF467}.Debug|Any CPU.ActiveCfg = Debug|Any CPU
		{15F0BB86-21F3-445F-A84D-B38D87AAF467}.Debug|Any CPU.Build.0 = Debug|Any CPU
		{15F0BB86-21F3-445F-A84D-B38D87AAF467}.Release|Any CPU.ActiveCfg = Release|Any CPU
		{15F0BB86-21F3-445F-A84D-B38D87AAF467}.Release|Any CPU.Build.0 = Release|Any CPU
		{8481153A-FDE0-4FB7-9525-6E669AC76591}.Debug|Any CPU.ActiveCfg = Debug|Any CPU
		{8481153A-FDE0-4FB7-9525-6E669AC76591}.Debug|Any CPU.Build.0 = Debug|Any CPU
		{8481153A-FDE0-4FB7-9525-6E669AC76591}.Release|Any CPU.ActiveCfg = Release|Any CPU
		{8481153A-FDE0-4FB7-9525-6E669AC76591}.Release|Any CPU.Build.0 = Release|Any CPU
	EndGlobalSection
	GlobalSection(SolutionProperties) = preSolution
		HideSolutionNode = FALSE
	EndGlobalSection
	GlobalSection(ExtensibilityGlobals) = postSolution
		SolutionGuid = {E440EA33-BBB5-4592-BB6A-07BD1CE0E802}
	EndGlobalSection
EndGlobal
